
Microsoft Visual Studio Solution File, Format Version 12.00
# Visual Studio Version 17
VisualStudioVersion = 17.0.32112.339
MinimumVisualStudioVersion = 10.0.40219.1
Project("{FAE04EC0-301F-11D3-BF4B-00C04F79EFBC}") = "Практика 5-6", "Практика 5-6\Практика 5-6.csproj", "{91D823D8-0B8A-4AF2-82BE-C2A541EE12BE}"
EndProject
Global
	GlobalSection(SolutionConfigurationPlatforms) = preSolution
		Debug|Any CPU = Debug|Any CPU
		Release|Any CPU = Release|Any CPU
	EndGlobalSection
	GlobalSection(ProjectConfigurationPlatforms) = postSolution
		{91D823D8-0B8A-4AF2-82BE-C2A541EE12BE}.Debug|Any CPU.ActiveCfg = Debug|Any CPU
		{91D823D8-0B8A-4AF2-82BE-C2A541EE12BE}.Debug|Any CPU.Build.0 = Debug|Any CPU
		{91D823D8-0B8A-4AF2-82BE-C2A541EE12BE}.Release|Any CPU.ActiveCfg = Release|Any CPU
		{91D823D8-0B8A-4AF2-82BE-C2A541EE12BE}.Release|Any CPU.Build.0 = Release|Any CPU
	EndGlobalSection
	GlobalSection(SolutionProperties) = preSolution
		HideSolutionNode = FALSE
	EndGlobalSection
	GlobalSection(ExtensibilityGlobals) = postSolution
		SolutionGuid = {81ABA721-9126-4AAF-8797-40251574C676}
	EndGlobalSection
EndGlobal
